// !$*UTF8*$!
{
	archiveVersion = 1;
	classes = {
	};
	objectVersion = 46;
	objects = {

/* Begin PBXBuildFile section */
		394956371B879CF700420DB1 /* AppDelegate.swift in Sources */ = {isa = PBXBuildFile; fileRef = 394956361B879CF700420DB1 /* AppDelegate.swift */; };
		394956391B879CF700420DB1 /* ViewController.swift in Sources */ = {isa = PBXBuildFile; fileRef = 394956381B879CF700420DB1 /* ViewController.swift */; };
		3949563C1B879CF700420DB1 /* Main.storyboard in Resources */ = {isa = PBXBuildFile; fileRef = 3949563A1B879CF700420DB1 /* Main.storyboard */; };
		3949563E1B879CF700420DB1 /* Images.xcassets in Resources */ = {isa = PBXBuildFile; fileRef = 3949563D1B879CF700420DB1 /* Images.xcassets */; };
		394956411B879CF700420DB1 /* LaunchScreen.xib in Resources */ = {isa = PBXBuildFile; fileRef = 3949563F1B879CF700420DB1 /* LaunchScreen.xib */; };
		3949564D1B879CF700420DB1 /* ListrDay5Tests.swift in Sources */ = {isa = PBXBuildFile; fileRef = 3949564C1B879CF700420DB1 /* ListrDay5Tests.swift */; };
/* End PBXBuildFile section */

/* Begin PBXContainerItemProxy section */
		394956471B879CF700420DB1 /* PBXContainerItemProxy */ = {
			isa = PBXContainerItemProxy;
			containerPortal = 394956291B879CF700420DB1 /* Project object */;
			proxyType = 1;
			remoteGlobalIDString = 394956301B879CF700420DB1;
			remoteInfo = ListrDay5;
		};
/* End PBXContainerItemProxy section */

/* Begin PBXFileReference section */
		394956311B879CF700420DB1 /* ListrDay5.app */ = {isa = PBXFileReference; explicitFileType = wrapper.application; includeInIndex = 0; path = ListrDay5.app; sourceTree = BUILT_PRODUCTS_DIR; };
		394956351B879CF700420DB1 /* Info.plist */ = {isa = PBXFileReference; lastKnownFileType = text.plist.xml; path = Info.plist; sourceTree = "<group>"; };
		394956361B879CF700420DB1 /* AppDelegate.swift */ = {isa = PBXFileReference; lastKnownFileType = sourcecode.swift; path = AppDelegate.swift; sourceTree = "<group>"; };
		394956381B879CF700420DB1 /* ViewController.swift */ = {isa = PBXFileReference; lastKnownFileType = sourcecode.swift; path = ViewController.swift; sourceTree = "<group>"; };
		3949563B1B879CF700420DB1 /* Base */ = {isa = PBXFileReference; lastKnownFileType = file.storyboard; name = Base; path = Base.lproj/Main.storyboard; sourceTree = "<group>"; };
		3949563D1B879CF700420DB1 /* Images.xcassets */ = {isa = PBXFileReference; lastKnownFileType = folder.assetcatalog; path = Images.xcassets; sourceTree = "<group>"; };
		394956401B879CF700420DB1 /* Base */ = {isa = PBXFileReference; lastKnownFileType = file.xib; name = Base; path = Base.lproj/LaunchScreen.xib; sourceTree = "<group>"; };
		394956461B879CF700420DB1 /* ListrDay5Tests.xctest */ = {isa = PBXFileReference; explicitFileType = wrapper.cfbundle; includeInIndex = 0; path = ListrDay5Tests.xctest; sourceTree = BUILT_PRODUCTS_DIR; };
		3949564B1B879CF700420DB1 /* Info.plist */ = {isa = PBXFileReference; lastKnownFileType = text.plist.xml; path = Info.plist; sourceTree = "<group>"; };
		3949564C1B879CF700420DB1 /* ListrDay5Tests.swift */ = {isa = PBXFileReference; lastKnownFileType = sourcecode.swift; path = ListrDay5Tests.swift; sourceTree = "<group>"; };
/* End PBXFileReference section */

/* Begin PBXFrameworksBuildPhase section */
		3949562E1B879CF700420DB1 /* Frameworks */ = {
			isa = PBXFrameworksBuildPhase;
			buildActionMask = 2147483647;
			files = (
			);
			runOnlyForDeploymentPostprocessing = 0;
		};
		394956431B879CF700420DB1 /* Frameworks */ = {
			isa = PBXFrameworksBuildPhase;
			buildActionMask = 2147483647;
			files = (
			);
			runOnlyForDeploymentPostprocessing = 0;
		};
/* End PBXFrameworksBuildPhase section */

/* Begin PBXGroup section */
		394956281B879CF700420DB1 = {
			isa = PBXGroup;
			children = (
				394956331B879CF700420DB1 /* ListrDay5 */,
				394956491B879CF700420DB1 /* ListrDay5Tests */,
				394956321B879CF700420DB1 /* Products */,
			);
			sourceTree = "<group>";
		};
		394956321B879CF700420DB1 /* Products */ = {
			isa = PBXGroup;
			children = (
				394956311B879CF700420DB1 /* ListrDay5.app */,
				394956461B879CF700420DB1 /* ListrDay5Tests.xctest */,
			);
			name = Products;
			sourceTree = "<group>";
		};
		394956331B879CF700420DB1 /* ListrDay5 */ = {
			isa = PBXGroup;
			children = (
				394956361B879CF700420DB1 /* AppDelegate.swift */,
				394956381B879CF700420DB1 /* ViewController.swift */,
				3949563A1B879CF700420DB1 /* Main.storyboard */,
				3949563D1B879CF700420DB1 /* Images.xcassets */,
				3949563F1B879CF700420DB1 /* LaunchScreen.xib */,
				394956341B879CF700420DB1 /* Supporting Files */,
			);
			path = ListrDay5;
			sourceTree = "<group>";
		};
		394956341B879CF700420DB1 /* Supporting Files */ = {
			isa = PBXGroup;
			children = (
				394956351B879CF700420DB1 /* Info.plist */,
			);
			name = "Supporting Files";
			sourceTree = "<group>";
		};
		394956491B879CF700420DB1 /* ListrDay5Tests */ = {
			isa = PBXGroup;
			children = (
				3949564C1B879CF700420DB1 /* ListrDay5Tests.swift */,
				3949564A1B879CF700420DB1 /* Supporting Files */,
			);
			path = ListrDay5Tests;
			sourceTree = "<group>";
		};
		3949564A1B879CF700420DB1 /* Supporting Files */ = {
			isa = PBXGroup;
			children = (
				3949564B1B879CF700420DB1 /* Info.plist */,
			);
			name = "Supporting Files";
			sourceTree = "<group>";
		};
/* End PBXGroup section */

/* Begin PBXNativeTarget section */
		394956301B879CF700420DB1 /* ListrDay5 */ = {
			isa = PBXNativeTarget;
			buildConfigurationList = 394956501B879CF700420DB1 /* Build configuration list for PBXNativeTarget "ListrDay5" */;
			buildPhases = (
				3949562D1B879CF700420DB1 /* Sources */,
				3949562E1B879CF700420DB1 /* Frameworks */,
				3949562F1B879CF700420DB1 /* Resources */,
			);
			buildRules = (
			);
			dependencies = (
			);
			name = ListrDay5;
			productName = ListrDay5;
			productReference = 394956311B879CF700420DB1 /* ListrDay5.app */;
			productType = "com.apple.product-type.application";
		};
		394956451B879CF700420DB1 /* ListrDay5Tests */ = {
			isa = PBXNativeTarget;
			buildConfigurationList = 394956531B879CF700420DB1 /* Build configuration list for PBXNativeTarget "ListrDay5Tests" */;
			buildPhases = (
				394956421B879CF700420DB1 /* Sources */,
				394956431B879CF700420DB1 /* Frameworks */,
				394956441B879CF700420DB1 /* Resources */,
			);
			buildRules = (
			);
			dependencies = (
				394956481B879CF700420DB1 /* PBXTargetDependency */,
			);
			name = ListrDay5Tests;
			productName = ListrDay5Tests;
			productReference = 394956461B879CF700420DB1 /* ListrDay5Tests.xctest */;
			productType = "com.apple.product-type.bundle.unit-test";
		};
/* End PBXNativeTarget section */

/* Begin PBXProject section */
		394956291B879CF700420DB1 /* Project object */ = {
			isa = PBXProject;
			attributes = {
				LastUpgradeCheck = 0640;
				ORGANIZATIONNAME = "Frank Desimini";
				TargetAttributes = {
					394956301B879CF700420DB1 = {
						CreatedOnToolsVersion = 6.4;
					};
					394956451B879CF700420DB1 = {
						CreatedOnToolsVersion = 6.4;
						TestTargetID = 394956301B879CF700420DB1;
					};
				};
			};
			buildConfigurationList = 3949562C1B879CF700420DB1 /* Build configuration list for PBXProject "ListrDay5" */;
			compatibilityVersion = "Xcode 3.2";
			developmentRegion = English;
			hasScannedForEncodings = 0;
			knownRegions = (
				en,
				Base,
			);
			mainGroup = 394956281B879CF700420DB1;
			productRefGroup = 394956321B879CF700420DB1 /* Products */;
			projectDirPath = "";
			projectRoot = "";
			targets = (
				394956301B879CF700420DB1 /* ListrDay5 */,
				394956451B879CF700420DB1 /* ListrDay5Tests */,
			);
		};
/* End PBXProject section */

/* Begin PBXResourcesBuildPhase section */
		3949562F1B879CF700420DB1 /* Resources */ = {
			isa = PBXResourcesBuildPhase;
			buildActionMask = 2147483647;
			files = (
				3949563C1B879CF700420DB1 /* Main.storyboard in Resources */,
				394956411B879CF700420DB1 /* LaunchScreen.xib in Resources */,
				3949563E1B879CF700420DB1 /* Images.xcassets in Resources */,
			);
			runOnlyForDeploymentPostprocessing = 0;
		};
		394956441B879CF700420DB1 /* Resources */ = {
			isa = PBXResourcesBuildPhase;
			buildActionMask = 2147483647;
			files = (
			);
			runOnlyForDeploymentPostprocessing = 0;
		};
/* End PBXResourcesBuildPhase section */

/* Begin PBXSourcesBuildPhase section */
		3949562D1B879CF700420DB1 /* Sources */ = {
			isa = PBXSourcesBuildPhase;
			buildActionMask = 2147483647;
			files = (
				394956391B879CF700420DB1 /* ViewController.swift in Sources */,
				394956371B879CF700420DB1 /* AppDelegate.swift in Sources */,
			);
			runOnlyForDeploymentPostprocessing = 0;
		};
		394956421B879CF700420DB1 /* Sources */ = {
			isa = PBXSourcesBuildPhase;
			buildActionMask = 2147483647;
			files = (
				3949564D1B879CF700420DB1 /* ListrDay5Tests.swift in Sources */,
			);
			runOnlyForDeploymentPostprocessing = 0;
		};
/* End PBXSourcesBuildPhase section */

/* Begin PBXTargetDependency section */
		394956481B879CF700420DB1 /* PBXTargetDependency */ = {
			isa = PBXTargetDependency;
			target = 394956301B879CF700420DB1 /* ListrDay5 */;
			targetProxy = 394956471B879CF700420DB1 /* PBXContainerItemProxy */;
		};
/* End PBXTargetDependency section */

/* Begin PBXVariantGroup section */
		3949563A1B879CF700420DB1 /* Main.storyboard */ = {
			isa = PBXVariantGroup;
			children = (
				3949563B1B879CF700420DB1 /* Base */,
			);
			name = Main.storyboard;
			sourceTree = "<group>";
		};
		3949563F1B879CF700420DB1 /* LaunchScreen.xib */ = {
			isa = PBXVariantGroup;
			children = (
				394956401B879CF700420DB1 /* Base */,
			);
			name = LaunchScreen.xib;
			sourceTree = "<group>";
		};
/* End PBXVariantGroup section */

/* Begin XCBuildConfiguration section */
		3949564E1B879CF700420DB1 /* Debug */ = {
			isa = XCBuildConfiguration;
			buildSettings = {
				ALWAYS_SEARCH_USER_PATHS = NO;
				CLANG_CXX_LANGUAGE_STANDARD = "gnu++0x";
				CLANG_CXX_LIBRARY = "libc++";
				CLANG_ENABLE_MODULES = YES;
				CLANG_ENABLE_OBJC_ARC = YES;
				CLANG_WARN_BOOL_CONVERSION = YES;
				CLANG_WARN_CONSTANT_CONVERSION = YES;
				CLANG_WARN_DIRECT_OBJC_ISA_USAGE = YES_ERROR;
				CLANG_WARN_EMPTY_BODY = YES;
				CLANG_WARN_ENUM_CONVERSION = YES;
				CLANG_WARN_INT_CONVERSION = YES;
				CLANG_WARN_OBJC_ROOT_CLASS = YES_ERROR;
				CLANG_WARN_UNREACHABLE_CODE = YES;
				CLANG_WARN__DUPLICATE_METHOD_MATCH = YES;
				"CODE_SIGN_IDENTITY[sdk=iphoneos*]" = "iPhone Developer";
				COPY_PHASE_STRIP = NO;
				DEBUG_INFORMATION_FORMAT = "dwarf-with-dsym";
				ENABLE_STRICT_OBJC_MSGSEND = YES;
				GCC_C_LANGUAGE_STANDARD = gnu99;
				GCC_DYNAMIC_NO_PIC = NO;
				GCC_NO_COMMON_BLOCKS = YES;
				GCC_OPTIMIZATION_LEVEL = 0;
				GCC_PREPROCESSOR_DEFINITIONS = (
					"DEBUG=1",
					"$(inherited)",
				);
				GCC_SYMBOLS_PRIVATE_EXTERN = NO;
				GCC_WARN_64_TO_32_BIT_CONVERSION = YES;
				GCC_WARN_ABOUT_RETURN_TYPE = YES_ERROR;
				GCC_WARN_UNDECLARED_SELECTOR = YES;
				GCC_WARN_UNINITIALIZED_AUTOS = YES_AGGRESSIVE;
				GCC_WARN_UNUSED_FUNCTION = YES;
				GCC_WARN_UNUSED_VARIABLE = YES;
				IPHONEOS_DEPLOYMENT_TARGET = 8.4;
				MTL_ENABLE_DEBUG_INFO = YES;
				ONLY_ACTIVE_ARCH = YES;
				SDKROOT = iphoneos;
				SWIFT_OPTIMIZATION_LEVEL = "-Onone";
				TARGETED_DEVICE_FAMILY = "1,2";
			};
			name = Debug;
		};
		3949564F1B879CF700420DB1 /* Release */ = {
			isa = XCBuildConfiguration;
			buildSettings = {
				ALWAYS_SEARCH_USER_PATHS = NO;
				CLANG_CXX_LANGUAGE_STANDARD = "gnu++0x";
				CLANG_CXX_LIBRARY = "libc++";
				CLANG_ENABLE_MODULES = YES;
				CLANG_ENABLE_OBJC_ARC = YES;
				CLANG_WARN_BOOL_CONVERSION = YES;
				CLANG_WARN_CONSTANT_CONVERSION = YES;
				CLANG_WARN_DIRECT_OBJC_ISA_USAGE = YES_ERROR;
				CLANG_WARN_EMPTY_BODY = YES;
				CLANG_WARN_ENUM_CONVERSION = YES;
				CLANG_WARN_INT_CONVERSION = YES;
				CLANG_WARN_OBJC_ROOT_CLASS = YES_ERROR;
				CLANG_WARN_UNREACHABLE_CODE = YES;
				CLANG_WARN__DUPLICATE_METHOD_MATCH = YES;
				"CODE_SIGN_IDENTITY[sdk=iphoneos*]" = "iPhone Developer";
				COPY_PHASE_STRIP = NO;
				DEBUG_INFORMATION_FORMAT = "dwarf-with-dsym";
				ENABLE_NS_ASSERTIONS = NO;
				ENABLE_STRICT_OBJC_MSGSEND = YES;
				GCC_C_LANGUAGE_STANDARD = gnu99;
				GCC_NO_COMMON_BLOCKS = YES;
				GCC_WARN_64_TO_32_BIT_CONVERSION = YES;
				GCC_WARN_ABOUT_RETURN_TYPE = YES_ERROR;
				GCC_WARN_UNDECLARED_SELECTOR = YES;
				GCC_WARN_UNINITIALIZED_AUTOS = YES_AGGRESSIVE;
				GCC_WARN_UNUSED_FUNCTION = YES;
				GCC_WARN_UNUSED_VARIABLE = YES;
				IPHONEOS_DEPLOYMENT_TARGET = 8.4;
				MTL_ENABLE_DEBUG_INFO = NO;
				SDKROOT = iphoneos;
				TARGETED_DEVICE_FAMILY = "1,2";
				VALIDATE_PRODUCT = YES;
			};
			name = Release;
		};
		394956511B879CF700420DB1 /* Debug */ = {
			isa = XCBuildConfiguration;
			buildSettings = {
				ASSETCATALOG_COMPILER_APPICON_NAME = AppIcon;
				INFOPLIST_FILE = ListrDay5/Info.plist;
				LD_RUNPATH_SEARCH_PATHS = "$(inherited) @executable_path/Frameworks";
				PRODUCT_NAME = "$(TARGET_NAME)";
			};
			name = Debug;
		};
		394956521B879CF700420DB1 /* Release */ = {
			isa = XCBuildConfiguration;
			buildSettings = {
				ASSETCATALOG_COMPILER_APPICON_NAME = AppIcon;
				INFOPLIST_FILE = ListrDay5/Info.plist;
				LD_RUNPATH_SEARCH_PATHS = "$(inherited) @executable_path/Frameworks";
				PRODUCT_NAME = "$(TARGET_NAME)";
			};
			name = Release;
		};
		394956541B879CF700420DB1 /* Debug */ = {
			isa = XCBuildConfiguration;
			buildSettings = {
				BUNDLE_LOADER = "$(TEST_HOST)";
				FRAMEWORK_SEARCH_PATHS = (
					"$(SDKROOT)/Developer/Library/Frameworks",
					"$(inherited)",
				);
				GCC_PREPROCESSOR_DEFINITIONS = (
					"DEBUG=1",
					"$(inherited)",
				);
				INFOPLIST_FILE = ListrDay5Tests/Info.plist;
				LD_RUNPATH_SEARCH_PATHS = "$(inherited) @executable_path/Frameworks @loader_path/Frameworks";
				PRODUCT_NAME = "$(TARGET_NAME)";
				TEST_HOST = "$(BUILT_PRODUCTS_DIR)/ListrDay5.app/ListrDay5";
			};
			name = Debug;
		};
		394956551B879CF700420DB1 /* Release */ = {
			isa = XCBuildConfiguration;
			buildSettings = {
				BUNDLE_LOADER = "$(TEST_HOST)";
				FRAMEWORK_SEARCH_PATHS = (
					"$(SDKROOT)/Developer/Library/Frameworks",
					"$(inherited)",
				);
				INFOPLIST_FILE = ListrDay5Tests/Info.plist;
				LD_RUNPATH_SEARCH_PATHS = "$(inherited) @executable_path/Frameworks @loader_path/Frameworks";
				PRODUCT_NAME = "$(TARGET_NAME)";
				TEST_HOST = "$(BUILT_PRODUCTS_DIR)/ListrDay5.app/ListrDay5";
			};
			name = Release;
		};
/* End XCBuildConfiguration section */

/* Begin XCConfigurationList section */
		3949562C1B879CF700420DB1 /* Build configuration list for PBXProject "ListrDay5" */ = {
			isa = XCConfigurationList;
			buildConfigurations = (
				3949564E1B879CF700420DB1 /* Debug */,
				3949564F1B879CF700420DB1 /* Release */,
			);
			defaultConfigurationIsVisible = 0;
			defaultConfigurationName = Release;
		};
		394956501B879CF700420DB1 /* Build configuration list for PBXNativeTarget "ListrDay5" */ = {
			isa = XCConfigurationList;
			buildConfigurations = (
				394956511B879CF700420DB1 /* Debug */,
				394956521B879CF700420DB1 /* Release */,
			);
			defaultConfigurationIsVisible = 0;
		};
		394956531B879CF700420DB1 /* Build configuration list for PBXNativeTarget "ListrDay5Tests" */ = {
			isa = XCConfigurationList;
			buildConfigurations = (
				394956541B879CF700420DB1 /* Debug */,
				394956551B879CF700420DB1 /* Release */,
			);
			defaultConfigurationIsVisible = 0;
		};
/* End XCConfigurationList section */
	};
	rootObject = 394956291B879CF700420DB1 /* Project object */;
}
